// !$*UTF8*$!
{
	archiveVersion = 1;
	classes = {
	};
	objectVersion = 46;
	objects = {

/* Begin PBXBuildFile section */
		AA600D351C5826850092A614 /* PreviewView.m in Sources */ = {isa = PBXBuildFile; fileRef = AA600D341C5826850092A614 /* PreviewView.m */; };
		AA7ECA371C46FA1800C6F936 /* main.m in Sources */ = {isa = PBXBuildFile; fileRef = AA7ECA361C46FA1800C6F936 /* main.m */; };
		AA7ECA3A1C46FA1800C6F936 /* AppDelegate.m in Sources */ = {isa = PBXBuildFile; fileRef = AA7ECA391C46FA1800C6F936 /* AppDelegate.m */; };
		AA7ECA401C46FA1800C6F936 /* Main.storyboard in Resources */ = {isa = PBXBuildFile; fileRef = AA7ECA3E1C46FA1800C6F936 /* Main.storyboard */; };
		AA7ECA421C46FA1800C6F936 /* Assets.xcassets in Resources */ = {isa = PBXBuildFile; fileRef = AA7ECA411C46FA1800C6F936 /* Assets.xcassets */; };
		AA7ECA451C46FA1800C6F936 /* LaunchScreen.storyboard in Resources */ = {isa = PBXBuildFile; fileRef = AA7ECA431C46FA1800C6F936 /* LaunchScreen.storyboard */; };
		AA80739F1C5C115200E527F6 /* VideoCollectionViewController.m in Sources */ = {isa = PBXBuildFile; fileRef = AA80739E1C5C115200E527F6 /* VideoCollectionViewController.m */; };
		AA8073A71C5C11E400E527F6 /* VideoCollectionViewCell.xib in Resources */ = {isa = PBXBuildFile; fileRef = AA8073A61C5C11E400E527F6 /* VideoCollectionViewCell.xib */; };
		AA8073AD1C5C143800E527F6 /* VideoCollectionViewCell.m in Sources */ = {isa = PBXBuildFile; fileRef = AA8073AC1C5C143800E527F6 /* VideoCollectionViewCell.m */; };
		AA8073CC1C5C72D000E527F6 /* UINavigationController+TransparentNavigationController.m in Sources */ = {isa = PBXBuildFile; fileRef = AA8073CB1C5C72D000E527F6 /* UINavigationController+TransparentNavigationController.m */; };
		AA8073CF1C5C7FCB00E527F6 /* PlayerView.m in Sources */ = {isa = PBXBuildFile; fileRef = AA8073CE1C5C7FCB00E527F6 /* PlayerView.m */; };
		AA8073D61C5C84E100E527F6 /* back.jpg in Resources */ = {isa = PBXBuildFile; fileRef = AA8073D01C5C84E100E527F6 /* back.jpg */; };
		AA8073D71C5C84E100E527F6 /* fastForward.jpg in Resources */ = {isa = PBXBuildFile; fileRef = AA8073D11C5C84E100E527F6 /* fastForward.jpg */; };
		AA8073D81C5C84E100E527F6 /* foward.jpg in Resources */ = {isa = PBXBuildFile; fileRef = AA8073D21C5C84E100E527F6 /* foward.jpg */; };
		AA8073D91C5C84E100E527F6 /* pause.jpg in Resources */ = {isa = PBXBuildFile; fileRef = AA8073D31C5C84E100E527F6 /* pause.jpg */; };
		AA8073DA1C5C84E100E527F6 /* play.jpg in Resources */ = {isa = PBXBuildFile; fileRef = AA8073D41C5C84E100E527F6 /* play.jpg */; };
		AA8073DB1C5C84E100E527F6 /* rewind.jpg in Resources */ = {isa = PBXBuildFile; fileRef = AA8073D51C5C84E100E527F6 /* rewind.jpg */; };
		AA8073DF1C5C8B5F00E527F6 /* VideoPlayerViewController.m in Sources */ = {isa = PBXBuildFile; fileRef = AA8073DE1C5C8B5F00E527F6 /* VideoPlayerViewController.m */; };
		AAB225551C57D41000592E2E /* AVFoundation.framework in Frameworks */ = {isa = PBXBuildFile; fileRef = AAB225541C57D41000592E2E /* AVFoundation.framework */; };
		AAB225581C57D89500592E2E /* VideoViewController.m in Sources */ = {isa = PBXBuildFile; fileRef = AAB225571C57D89500592E2E /* VideoViewController.m */; };
		AAC3332B1C5EE05A00AE5025 /* delete.jpeg in Resources */ = {isa = PBXBuildFile; fileRef = AAC3332A1C5EE05A00AE5025 /* delete.jpeg */; };
		AAC333421C5FC8CC00AE5025 /* Video+CoreDataProperties.m in Sources */ = {isa = PBXBuildFile; fileRef = AAC3333F1C5FC8CC00AE5025 /* Video+CoreDataProperties.m */; };
		AAC333431C5FC8CC00AE5025 /* Video.m in Sources */ = {isa = PBXBuildFile; fileRef = AAC333411C5FC8CC00AE5025 /* Video.m */; };
		AAC333461C5FC8ED00AE5025 /* VideoInfo.m in Sources */ = {isa = PBXBuildFile; fileRef = AAC333451C5FC8ED00AE5025 /* VideoInfo.m */; };
		AAC45BB71C5928FD007E9A42 /* Model.xcdatamodeld in Sources */ = {isa = PBXBuildFile; fileRef = AAC45BB51C5928FD007E9A42 /* Model.xcdatamodeld */; };
		AAC45BCA1C596F88007E9A42 /* PersistenceController.m in Sources */ = {isa = PBXBuildFile; fileRef = AAC45BC91C596F88007E9A42 /* PersistenceController.m */; };
		AACC6D361C58B24600D81A35 /* VideoLibraryManager.m in Sources */ = {isa = PBXBuildFile; fileRef = AACC6D351C58B24600D81A35 /* VideoLibraryManager.m */; };
/* End PBXBuildFile section */

/* Begin PBXFileReference section */
		AA600D331C5826850092A614 /* PreviewView.h */ = {isa = PBXFileReference; fileEncoding = 4; lastKnownFileType = sourcecode.c.h; path = PreviewView.h; sourceTree = "<group>"; };
		AA600D341C5826850092A614 /* PreviewView.m */ = {isa = PBXFileReference; fileEncoding = 4; lastKnownFileType = sourcecode.c.objc; path = PreviewView.m; sourceTree = "<group>"; };
		AA7ECA321C46FA1800C6F936 /* SloMoCean.app */ = {isa = PBXFileReference; explicitFileType = wrapper.application; includeInIndex = 0; path = SloMoCean.app; sourceTree = BUILT_PRODUCTS_DIR; };
		AA7ECA361C46FA1800C6F936 /* main.m */ = {isa = PBXFileReference; lastKnownFileType = sourcecode.c.objc; path = main.m; sourceTree = "<group>"; };
		AA7ECA381C46FA1800C6F936 /* AppDelegate.h */ = {isa = PBXFileReference; lastKnownFileType = sourcecode.c.h; path = AppDelegate.h; sourceTree = "<group>"; };
		AA7ECA391C46FA1800C6F936 /* AppDelegate.m */ = {isa = PBXFileReference; lastKnownFileType = sourcecode.c.objc; path = AppDelegate.m; sourceTree = "<group>"; };
		AA7ECA3F1C46FA1800C6F936 /* Base */ = {isa = PBXFileReference; lastKnownFileType = file.storyboard; name = Base; path = Base.lproj/Main.storyboard; sourceTree = "<group>"; };
		AA7ECA411C46FA1800C6F936 /* Assets.xcassets */ = {isa = PBXFileReference; lastKnownFileType = folder.assetcatalog; path = Assets.xcassets; sourceTree = "<group>"; };
		AA7ECA441C46FA1800C6F936 /* Base */ = {isa = PBXFileReference; lastKnownFileType = file.storyboard; name = Base; path = Base.lproj/LaunchScreen.storyboard; sourceTree = "<group>"; };
		AA7ECA461C46FA1900C6F936 /* Info.plist */ = {isa = PBXFileReference; lastKnownFileType = text.plist.xml; path = Info.plist; sourceTree = "<group>"; };
		AA80739D1C5C115200E527F6 /* VideoCollectionViewController.h */ = {isa = PBXFileReference; fileEncoding = 4; lastKnownFileType = sourcecode.c.h; path = VideoCollectionViewController.h; sourceTree = "<group>"; };
		AA80739E1C5C115200E527F6 /* VideoCollectionViewController.m */ = {isa = PBXFileReference; fileEncoding = 4; lastKnownFileType = sourcecode.c.objc; path = VideoCollectionViewController.m; sourceTree = "<group>"; };
		AA8073A61C5C11E400E527F6 /* VideoCollectionViewCell.xib */ = {isa = PBXFileReference; fileEncoding = 4; lastKnownFileType = file.xib; path = VideoCollectionViewCell.xib; sourceTree = "<group>"; };
		AA8073AB1C5C143800E527F6 /* VideoCollectionViewCell.h */ = {isa = PBXFileReference; fileEncoding = 4; lastKnownFileType = sourcecode.c.h; path = VideoCollectionViewCell.h; sourceTree = "<group>"; };
		AA8073AC1C5C143800E527F6 /* VideoCollectionViewCell.m */ = {isa = PBXFileReference; fileEncoding = 4; lastKnownFileType = sourcecode.c.objc; path = VideoCollectionViewCell.m; sourceTree = "<group>"; };
		AA8073CA1C5C72D000E527F6 /* UINavigationController+TransparentNavigationController.h */ = {isa = PBXFileReference; fileEncoding = 4; lastKnownFileType = sourcecode.c.h; path = "UINavigationController+TransparentNavigationController.h"; sourceTree = "<group>"; };
		AA8073CB1C5C72D000E527F6 /* UINavigationController+TransparentNavigationController.m */ = {isa = PBXFileReference; fileEncoding = 4; lastKnownFileType = sourcecode.c.objc; path = "UINavigationController+TransparentNavigationController.m"; sourceTree = "<group>"; };
		AA8073CD1C5C7FCB00E527F6 /* PlayerView.h */ = {isa = PBXFileReference; fileEncoding = 4; lastKnownFileType = sourcecode.c.h; path = PlayerView.h; sourceTree = "<group>"; };
		AA8073CE1C5C7FCB00E527F6 /* PlayerView.m */ = {isa = PBXFileReference; fileEncoding = 4; lastKnownFileType = sourcecode.c.objc; path = PlayerView.m; sourceTree = "<group>"; };
		AA8073D01C5C84E100E527F6 /* back.jpg */ = {isa = PBXFileReference; lastKnownFileType = image.jpeg; path = back.jpg; sourceTree = "<group>"; };
		AA8073D11C5C84E100E527F6 /* fastForward.jpg */ = {isa = PBXFileReference; lastKnownFileType = image.jpeg; path = fastForward.jpg; sourceTree = "<group>"; };
		AA8073D21C5C84E100E527F6 /* foward.jpg */ = {isa = PBXFileReference; lastKnownFileType = image.jpeg; path = foward.jpg; sourceTree = "<group>"; };
		AA8073D31C5C84E100E527F6 /* pause.jpg */ = {isa = PBXFileReference; lastKnownFileType = image.jpeg; path = pause.jpg; sourceTree = "<group>"; };
		AA8073D41C5C84E100E527F6 /* play.jpg */ = {isa = PBXFileReference; lastKnownFileType = image.jpeg; path = play.jpg; sourceTree = "<group>"; };
		AA8073D51C5C84E100E527F6 /* rewind.jpg */ = {isa = PBXFileReference; lastKnownFileType = image.jpeg; path = rewind.jpg; sourceTree = "<group>"; };
		AA8073DD1C5C8B5F00E527F6 /* VideoPlayerViewController.h */ = {isa = PBXFileReference; fileEncoding = 4; lastKnownFileType = sourcecode.c.h; path = VideoPlayerViewController.h; sourceTree = "<group>"; };
		AA8073DE1C5C8B5F00E527F6 /* VideoPlayerViewController.m */ = {isa = PBXFileReference; fileEncoding = 4; lastKnownFileType = sourcecode.c.objc; path = VideoPlayerViewController.m; sourceTree = "<group>"; };
		AAB225541C57D41000592E2E /* AVFoundation.framework */ = {isa = PBXFileReference; lastKnownFileType = wrapper.framework; name = AVFoundation.framework; path = System/Library/Frameworks/AVFoundation.framework; sourceTree = SDKROOT; };
		AAB225561C57D89500592E2E /* VideoViewController.h */ = {isa = PBXFileReference; fileEncoding = 4; lastKnownFileType = sourcecode.c.h; path = VideoViewController.h; sourceTree = "<group>"; };
		AAB225571C57D89500592E2E /* VideoViewController.m */ = {isa = PBXFileReference; fileEncoding = 4; lastKnownFileType = sourcecode.c.objc; path = VideoViewController.m; sourceTree = "<group>"; };
		AAC3332A1C5EE05A00AE5025 /* delete.jpeg */ = {isa = PBXFileReference; lastKnownFileType = image.jpeg; path = delete.jpeg; sourceTree = "<group>"; };
		AAC3333E1C5FC8CC00AE5025 /* Video+CoreDataProperties.h */ = {isa = PBXFileReference; fileEncoding = 4; lastKnownFileType = sourcecode.c.h; path = "Video+CoreDataProperties.h"; sourceTree = "<group>"; };
		AAC3333F1C5FC8CC00AE5025 /* Video+CoreDataProperties.m */ = {isa = PBXFileReference; fileEncoding = 4; lastKnownFileType = sourcecode.c.objc; path = "Video+CoreDataProperties.m"; sourceTree = "<group>"; };
		AAC333401C5FC8CC00AE5025 /* Video.h */ = {isa = PBXFileReference; fileEncoding = 4; lastKnownFileType = sourcecode.c.h; path = Video.h; sourceTree = "<group>"; };
		AAC333411C5FC8CC00AE5025 /* Video.m */ = {isa = PBXFileReference; fileEncoding = 4; lastKnownFileType = sourcecode.c.objc; path = Video.m; sourceTree = "<group>"; };
		AAC333441C5FC8ED00AE5025 /* VideoInfo.h */ = {isa = PBXFileReference; fileEncoding = 4; lastKnownFileType = sourcecode.c.h; path = VideoInfo.h; sourceTree = "<group>"; };
		AAC333451C5FC8ED00AE5025 /* VideoInfo.m */ = {isa = PBXFileReference; fileEncoding = 4; lastKnownFileType = sourcecode.c.objc; path = VideoInfo.m; sourceTree = "<group>"; };
		AAC45BB61C5928FD007E9A42 /* Model.xcdatamodel */ = {isa = PBXFileReference; lastKnownFileType = wrapper.xcdatamodel; path = Model.xcdatamodel; sourceTree = "<group>"; };
		AAC45BC81C596F88007E9A42 /* PersistenceController.h */ = {isa = PBXFileReference; fileEncoding = 4; lastKnownFileType = sourcecode.c.h; path = PersistenceController.h; sourceTree = "<group>"; };
		AAC45BC91C596F88007E9A42 /* PersistenceController.m */ = {isa = PBXFileReference; fileEncoding = 4; lastKnownFileType = sourcecode.c.objc; path = PersistenceController.m; sourceTree = "<group>"; };
		AACC6D341C58B24600D81A35 /* VideoLibraryManager.h */ = {isa = PBXFileReference; fileEncoding = 4; lastKnownFileType = sourcecode.c.h; path = VideoLibraryManager.h; sourceTree = "<group>"; };
		AACC6D351C58B24600D81A35 /* VideoLibraryManager.m */ = {isa = PBXFileReference; fileEncoding = 4; lastKnownFileType = sourcecode.c.objc; path = VideoLibraryManager.m; sourceTree = "<group>"; };
/* End PBXFileReference section */

/* Begin PBXFrameworksBuildPhase section */
		AA7ECA2F1C46FA1800C6F936 /* Frameworks */ = {
			isa = PBXFrameworksBuildPhase;
			buildActionMask = 2147483647;
			files = (
				AAB225551C57D41000592E2E /* AVFoundation.framework in Frameworks */,
			);
			runOnlyForDeploymentPostprocessing = 0;
		};
/* End PBXFrameworksBuildPhase section */

/* Begin PBXGroup section */
		AA7ECA291C46FA1700C6F936 = {
			isa = PBXGroup;
			children = (
				AAB225541C57D41000592E2E /* AVFoundation.framework */,
				AA7ECA341C46FA1800C6F936 /* SloMoCean */,
				AA7ECA331C46FA1800C6F936 /* Products */,
				AA8073DC1C5C84E800E527F6 /* images */,
			);
			sourceTree = "<group>";
		};
		AA7ECA331C46FA1800C6F936 /* Products */ = {
			isa = PBXGroup;
			children = (
				AA7ECA321C46FA1800C6F936 /* SloMoCean.app */,
			);
			name = Products;
			sourceTree = "<group>";
		};
		AA7ECA341C46FA1800C6F936 /* SloMoCean */ = {
			isa = PBXGroup;
			children = (
				AAC45BC11C592B02007E9A42 /* NSManagedObjects + model */,
				AA7ECA381C46FA1800C6F936 /* AppDelegate.h */,
				AA7ECA391C46FA1800C6F936 /* AppDelegate.m */,
				AAC333441C5FC8ED00AE5025 /* VideoInfo.h */,
				AAC333451C5FC8ED00AE5025 /* VideoInfo.m */,
				AA8073A01C5C119A00E527F6 /* ViewControllers */,
				AA8073A21C5C11B200E527F6 /* Views */,
				AA8073A11C5C11A500E527F6 /* Model */,
				AA7ECA3E1C46FA1800C6F936 /* Main.storyboard */,
				AA7ECA411C46FA1800C6F936 /* Assets.xcassets */,
				AA7ECA431C46FA1800C6F936 /* LaunchScreen.storyboard */,
				AA7ECA461C46FA1900C6F936 /* Info.plist */,
				AA7ECA351C46FA1800C6F936 /* Supporting Files */,
			);
			path = SloMoCean;
			sourceTree = "<group>";
		};
		AA7ECA351C46FA1800C6F936 /* Supporting Files */ = {
			isa = PBXGroup;
			children = (
				AA7ECA361C46FA1800C6F936 /* main.m */,
			);
			name = "Supporting Files";
			sourceTree = "<group>";
		};
		AA8073A01C5C119A00E527F6 /* ViewControllers */ = {
			isa = PBXGroup;
			children = (
				AAB225561C57D89500592E2E /* VideoViewController.h */,
				AAB225571C57D89500592E2E /* VideoViewController.m */,
				AA80739D1C5C115200E527F6 /* VideoCollectionViewController.h */,
				AA80739E1C5C115200E527F6 /* VideoCollectionViewController.m */,
				AA8073DD1C5C8B5F00E527F6 /* VideoPlayerViewController.h */,
				AA8073DE1C5C8B5F00E527F6 /* VideoPlayerViewController.m */,
				AA8073CA1C5C72D000E527F6 /* UINavigationController+TransparentNavigationController.h */,
				AA8073CB1C5C72D000E527F6 /* UINavigationController+TransparentNavigationController.m */,
			);
			name = ViewControllers;
			sourceTree = "<group>";
		};
		AA8073A11C5C11A500E527F6 /* Model */ = {
			isa = PBXGroup;
			children = (
				AACC6D341C58B24600D81A35 /* VideoLibraryManager.h */,
				AACC6D351C58B24600D81A35 /* VideoLibraryManager.m */,
				AAC45BC81C596F88007E9A42 /* PersistenceController.h */,
				AAC45BC91C596F88007E9A42 /* PersistenceController.m */,
			);
			name = Model;
			sourceTree = "<group>";
		};
		AA8073A21C5C11B200E527F6 /* Views */ = {
			isa = PBXGroup;
			children = (
				AA600D331C5826850092A614 /* PreviewView.h */,
				AA600D341C5826850092A614 /* PreviewView.m */,
				AA8073A61C5C11E400E527F6 /* VideoCollectionViewCell.xib */,
				AA8073AB1C5C143800E527F6 /* VideoCollectionViewCell.h */,
				AA8073AC1C5C143800E527F6 /* VideoCollectionViewCell.m */,
				AA8073CD1C5C7FCB00E527F6 /* PlayerView.h */,
				AA8073CE1C5C7FCB00E527F6 /* PlayerView.m */,
			);
			name = Views;
			sourceTree = "<group>";
		};
		AA8073DC1C5C84E800E527F6 /* images */ = {
			isa = PBXGroup;
			children = (
				AA8073D01C5C84E100E527F6 /* back.jpg */,
				AAC3332A1C5EE05A00AE5025 /* delete.jpeg */,
				AA8073D11C5C84E100E527F6 /* fastForward.jpg */,
				AA8073D21C5C84E100E527F6 /* foward.jpg */,
				AA8073D31C5C84E100E527F6 /* pause.jpg */,
				AA8073D41C5C84E100E527F6 /* play.jpg */,
				AA8073D51C5C84E100E527F6 /* rewind.jpg */,
			);
			name = images;
			sourceTree = "<group>";
		};
		AAC45BC11C592B02007E9A42 /* NSManagedObjects + model */ = {
			isa = PBXGroup;
			children = (
				AAC3333E1C5FC8CC00AE5025 /* Video+CoreDataProperties.h */,
				AAC3333F1C5FC8CC00AE5025 /* Video+CoreDataProperties.m */,
				AAC333401C5FC8CC00AE5025 /* Video.h */,
				AAC333411C5FC8CC00AE5025 /* Video.m */,
				AAC45BB51C5928FD007E9A42 /* Model.xcdatamodeld */,
			);
			name = "NSManagedObjects + model";
			path = ..;
			sourceTree = "<group>";
		};
/* End PBXGroup section */

/* Begin PBXNativeTarget section */
		AA7ECA311C46FA1800C6F936 /* SloMoCean */ = {
			isa = PBXNativeTarget;
			buildConfigurationList = AA7ECA491C46FA1900C6F936 /* Build configuration list for PBXNativeTarget "SloMoCean" */;
			buildPhases = (
				AA7ECA2E1C46FA1800C6F936 /* Sources */,
				AA7ECA2F1C46FA1800C6F936 /* Frameworks */,
				AA7ECA301C46FA1800C6F936 /* Resources */,
			);
			buildRules = (
			);
			dependencies = (
			);
			name = SloMoCean;
			productName = SloMoCean;
			productReference = AA7ECA321C46FA1800C6F936 /* SloMoCean.app */;
			productType = "com.apple.product-type.application";
		};
/* End PBXNativeTarget section */

/* Begin PBXProject section */
		AA7ECA2A1C46FA1700C6F936 /* Project object */ = {
			isa = PBXProject;
			attributes = {
				LastUpgradeCheck = 0710;
				ORGANIZATIONNAME = "Daniel Nomura";
				TargetAttributes = {
					AA7ECA311C46FA1800C6F936 = {
						CreatedOnToolsVersion = 7.1;
						DevelopmentTeam = 333ZQT9JWC;
					};
				};
			};
			buildConfigurationList = AA7ECA2D1C46FA1700C6F936 /* Build configuration list for PBXProject "SloMoCean" */;
			compatibilityVersion = "Xcode 3.2";
			developmentRegion = English;
			hasScannedForEncodings = 0;
			knownRegions = (
				en,
				Base,
			);
			mainGroup = AA7ECA291C46FA1700C6F936;
			productRefGroup = AA7ECA331C46FA1800C6F936 /* Products */;
			projectDirPath = "";
			projectRoot = "";
			targets = (
				AA7ECA311C46FA1800C6F936 /* SloMoCean */,
			);
		};
/* End PBXProject section */

/* Begin PBXResourcesBuildPhase section */
		AA7ECA301C46FA1800C6F936 /* Resources */ = {
			isa = PBXResourcesBuildPhase;
			buildActionMask = 2147483647;
			files = (
				AA8073D81C5C84E100E527F6 /* foward.jpg in Resources */,
				AA7ECA451C46FA1800C6F936 /* LaunchScreen.storyboard in Resources */,
				AA8073D61C5C84E100E527F6 /* back.jpg in Resources */,
				AAC3332B1C5EE05A00AE5025 /* delete.jpeg in Resources */,
				AA7ECA421C46FA1800C6F936 /* Assets.xcassets in Resources */,
				AA8073DA1C5C84E100E527F6 /* play.jpg in Resources */,
				AA8073A71C5C11E400E527F6 /* VideoCollectionViewCell.xib in Resources */,
				AA7ECA401C46FA1800C6F936 /* Main.storyboard in Resources */,
				AA8073D91C5C84E100E527F6 /* pause.jpg in Resources */,
				AA8073DB1C5C84E100E527F6 /* rewind.jpg in Resources */,
				AA8073D71C5C84E100E527F6 /* fastForward.jpg in Resources */,
			);
			runOnlyForDeploymentPostprocessing = 0;
		};
/* End PBXResourcesBuildPhase section */

/* Begin PBXSourcesBuildPhase section */
		AA7ECA2E1C46FA1800C6F936 /* Sources */ = {
			isa = PBXSourcesBuildPhase;
			buildActionMask = 2147483647;
			files = (
				AA7ECA3A1C46FA1800C6F936 /* AppDelegate.m in Sources */,
				AAC333461C5FC8ED00AE5025 /* VideoInfo.m in Sources */,
				AAC45BCA1C596F88007E9A42 /* PersistenceController.m in Sources */,
				AA8073CC1C5C72D000E527F6 /* UINavigationController+TransparentNavigationController.m in Sources */,
				AA80739F1C5C115200E527F6 /* VideoCollectionViewController.m in Sources */,
				AA8073CF1C5C7FCB00E527F6 /* PlayerView.m in Sources */,
				AA600D351C5826850092A614 /* PreviewView.m in Sources */,
				AA8073DF1C5C8B5F00E527F6 /* VideoPlayerViewController.m in Sources */,
				AA8073AD1C5C143800E527F6 /* VideoCollectionViewCell.m in Sources */,
				AACC6D361C58B24600D81A35 /* VideoLibraryManager.m in Sources */,
				AAC333421C5FC8CC00AE5025 /* Video+CoreDataProperties.m in Sources */,
				AA7ECA371C46FA1800C6F936 /* main.m in Sources */,
				AAB225581C57D89500592E2E /* VideoViewController.m in Sources */,
				AAC45BB71C5928FD007E9A42 /* Model.xcdatamodeld in Sources */,
				AAC333431C5FC8CC00AE5025 /* Video.m in Sources */,
			);
			runOnlyForDeploymentPostprocessing = 0;
		};
/* End PBXSourcesBuildPhase section */

/* Begin PBXVariantGroup section */
		AA7ECA3E1C46FA1800C6F936 /* Main.storyboard */ = {
			isa = PBXVariantGroup;
			children = (
				AA7ECA3F1C46FA1800C6F936 /* Base */,
			);
			name = Main.storyboard;
			sourceTree = "<group>";
		};
		AA7ECA431C46FA1800C6F936 /* LaunchScreen.storyboard */ = {
			isa = PBXVariantGroup;
			children = (
				AA7ECA441C46FA1800C6F936 /* Base */,
			);
			name = LaunchScreen.storyboard;
			sourceTree = "<group>";
		};
/* End PBXVariantGroup section */

/* Begin XCBuildConfiguration section */
		AA7ECA471C46FA1900C6F936 /* Debug */ = {
			isa = XCBuildConfiguration;
			buildSettings = {
				ALWAYS_SEARCH_USER_PATHS = NO;
				CLANG_CXX_LANGUAGE_STANDARD = "gnu++0x";
				CLANG_CXX_LIBRARY = "libc++";
				CLANG_ENABLE_MODULES = YES;
				CLANG_ENABLE_OBJC_ARC = YES;
				CLANG_WARN_BOOL_CONVERSION = YES;
				CLANG_WARN_CONSTANT_CONVERSION = YES;
				CLANG_WARN_DIRECT_OBJC_ISA_USAGE = YES_ERROR;
				CLANG_WARN_EMPTY_BODY = YES;
				CLANG_WARN_ENUM_CONVERSION = YES;
				CLANG_WARN_INT_CONVERSION = YES;
				CLANG_WARN_OBJC_ROOT_CLASS = YES_ERROR;
				CLANG_WARN_UNREACHABLE_CODE = YES;
				CLANG_WARN__DUPLICATE_METHOD_MATCH = YES;
				"CODE_SIGN_IDENTITY[sdk=iphoneos*]" = "iPhone Developer";
				COPY_PHASE_STRIP = NO;
				DEBUG_INFORMATION_FORMAT = dwarf;
				ENABLE_STRICT_OBJC_MSGSEND = YES;
				ENABLE_TESTABILITY = YES;
				GCC_C_LANGUAGE_STANDARD = gnu99;
				GCC_DYNAMIC_NO_PIC = NO;
				GCC_NO_COMMON_BLOCKS = YES;
				GCC_OPTIMIZATION_LEVEL = 0;
				GCC_PREPROCESSOR_DEFINITIONS = (
					"DEBUG=1",
					"$(inherited)",
				);
				GCC_WARN_64_TO_32_BIT_CONVERSION = YES;
				GCC_WARN_ABOUT_RETURN_TYPE = YES_ERROR;
				GCC_WARN_UNDECLARED_SELECTOR = YES;
				GCC_WARN_UNINITIALIZED_AUTOS = YES_AGGRESSIVE;
				GCC_WARN_UNUSED_FUNCTION = YES;
				GCC_WARN_UNUSED_VARIABLE = YES;
				IPHONEOS_DEPLOYMENT_TARGET = 9.1;
				MTL_ENABLE_DEBUG_INFO = YES;
				ONLY_ACTIVE_ARCH = YES;
				SDKROOT = iphoneos;
			};
			name = Debug;
		};
		AA7ECA481C46FA1900C6F936 /* Release */ = {
			isa = XCBuildConfiguration;
			buildSettings = {
				ALWAYS_SEARCH_USER_PATHS = NO;
				CLANG_CXX_LANGUAGE_STANDARD = "gnu++0x";
				CLANG_CXX_LIBRARY = "libc++";
				CLANG_ENABLE_MODULES = YES;
				CLANG_ENABLE_OBJC_ARC = YES;
				CLANG_WARN_BOOL_CONVERSION = YES;
				CLANG_WARN_CONSTANT_CONVERSION = YES;
				CLANG_WARN_DIRECT_OBJC_ISA_USAGE = YES_ERROR;
				CLANG_WARN_EMPTY_BODY = YES;
				CLANG_WARN_ENUM_CONVERSION = YES;
				CLANG_WARN_INT_CONVERSION = YES;
				CLANG_WARN_OBJC_ROOT_CLASS = YES_ERROR;
				CLANG_WARN_UNREACHABLE_CODE = YES;
				CLANG_WARN__DUPLICATE_METHOD_MATCH = YES;
				"CODE_SIGN_IDENTITY[sdk=iphoneos*]" = "iPhone Developer";
				COPY_PHASE_STRIP = NO;
				DEBUG_INFORMATION_FORMAT = "dwarf-with-dsym";
				ENABLE_NS_ASSERTIONS = NO;
				ENABLE_STRICT_OBJC_MSGSEND = YES;
				GCC_C_LANGUAGE_STANDARD = gnu99;
				GCC_NO_COMMON_BLOCKS = YES;
				GCC_WARN_64_TO_32_BIT_CONVERSION = YES;
				GCC_WARN_ABOUT_RETURN_TYPE = YES_ERROR;
				GCC_WARN_UNDECLARED_SELECTOR = YES;
				GCC_WARN_UNINITIALIZED_AUTOS = YES_AGGRESSIVE;
				GCC_WARN_UNUSED_FUNCTION = YES;
				GCC_WARN_UNUSED_VARIABLE = YES;
				IPHONEOS_DEPLOYMENT_TARGET = 9.1;
				MTL_ENABLE_DEBUG_INFO = NO;
				SDKROOT = iphoneos;
				VALIDATE_PRODUCT = YES;
			};
			name = Release;
		};
		AA7ECA4A1C46FA1900C6F936 /* Debug */ = {
			isa = XCBuildConfiguration;
			buildSettings = {
				ASSETCATALOG_COMPILER_APPICON_NAME = AppIcon;
				INFOPLIST_FILE = SloMoCean/Info.plist;
				IPHONEOS_DEPLOYMENT_TARGET = 8.2;
				LD_RUNPATH_SEARCH_PATHS = "$(inherited) @executable_path/Frameworks";
				PRODUCT_BUNDLE_IDENTIFIER = danielnomura.SloMoCean;
				PRODUCT_NAME = "$(TARGET_NAME)";
			};
			name = Debug;
		};
		AA7ECA4B1C46FA1900C6F936 /* Release */ = {
			isa = XCBuildConfiguration;
			buildSettings = {
				ASSETCATALOG_COMPILER_APPICON_NAME = AppIcon;
				INFOPLIST_FILE = SloMoCean/Info.plist;
				IPHONEOS_DEPLOYMENT_TARGET = 8.2;
				LD_RUNPATH_SEARCH_PATHS = "$(inherited) @executable_path/Frameworks";
				PRODUCT_BUNDLE_IDENTIFIER = danielnomura.SloMoCean;
				PRODUCT_NAME = "$(TARGET_NAME)";
			};
			name = Release;
		};
/* End XCBuildConfiguration section */

/* Begin XCConfigurationList section */
		AA7ECA2D1C46FA1700C6F936 /* Build configuration list for PBXProject "SloMoCean" */ = {
			isa = XCConfigurationList;
			buildConfigurations = (
				AA7ECA471C46FA1900C6F936 /* Debug */,
				AA7ECA481C46FA1900C6F936 /* Release */,
			);
			defaultConfigurationIsVisible = 0;
			defaultConfigurationName = Release;
		};
		AA7ECA491C46FA1900C6F936 /* Build configuration list for PBXNativeTarget "SloMoCean" */ = {
			isa = XCConfigurationList;
			buildConfigurations = (
				AA7ECA4A1C46FA1900C6F936 /* Debug */,
				AA7ECA4B1C46FA1900C6F936 /* Release */,
			);
			defaultConfigurationIsVisible = 0;
			defaultConfigurationName = Release;
		};
/* End XCConfigurationList section */

/* Begin XCVersionGroup section */
		AAC45BB51C5928FD007E9A42 /* Model.xcdatamodeld */ = {
			isa = XCVersionGroup;
			children = (
				AAC45BB61C5928FD007E9A42 /* Model.xcdatamodel */,
			);
			currentVersion = AAC45BB61C5928FD007E9A42 /* Model.xcdatamodel */;
			name = Model.xcdatamodeld;
			path = SloMoCean/Model.xcdatamodeld;
			sourceTree = "<group>";
			versionGroupType = wrapper.xcdatamodel;
		};
/* End XCVersionGroup section */
	};
	rootObject = AA7ECA2A1C46FA1700C6F936 /* Project object */;
}
